
Microsoft Visual Studio Solution File, Format Version 12.00
# Visual Studio Version 17
VisualStudioVersion = 17.6.33723.286
MinimumVisualStudioVersion = 10.0.40219.1
Project("{9A19103F-16F7-4668-BE54-9A1E7A4F7556}") = "FlatoutCMS", "FlatoutCMS\FlatoutCMS.csproj", "{4F4A849A-0450-448E-BE6A-9EDCFD48BA66}"
EndProject
Project("{9A19103F-16F7-4668-BE54-9A1E7A4F7556}") = "FlatoutCMS.ContentParsers", "FlatoutCMS.ContentParsers\FlatoutCMS.ContentParsers.csproj", "{934DEB1E-A984-4B9D-8044-386DD09973D6}"
EndProject
Project("{9A19103F-16F7-4668-BE54-9A1E7A4F7556}") = "FlatoutCMS.Core", "FlatoutCMS.Core\FlatoutCMS.Core.csproj", "{AA413E4D-1A01-47A3-8B56-465993374014}"
EndProject
Project("{9A19103F-16F7-4668-BE54-9A1E7A4F7556}") = "FlatoutCMS.Admin", "FlatoutCMS.Admin\FlatoutCMS.Admin.csproj", "{7B69E795-5495-426B-9522-6596890B7F5C}"
EndProject
Global
	GlobalSection(SolutionConfigurationPlatforms) = preSolution
		Debug|Any CPU = Debug|Any CPU
		Release|Any CPU = Release|Any CPU
	EndGlobalSection
	GlobalSection(ProjectConfigurationPlatforms) = postSolution
		{4F4A849A-0450-448E-BE6A-9EDCFD48BA66}.Debug|Any CPU.ActiveCfg = Debug|Any CPU
		{4F4A849A-0450-448E-BE6A-9EDCFD48BA66}.Debug|Any CPU.Build.0 = Debug|Any CPU
		{4F4A849A-0450-448E-BE6A-9EDCFD48BA66}.Release|Any CPU.ActiveCfg = Release|Any CPU
		{4F4A849A-0450-448E-BE6A-9EDCFD48BA66}.Release|Any CPU.Build.0 = Release|Any CPU
		{934DEB1E-A984-4B9D-8044-386DD09973D6}.Debug|Any CPU.ActiveCfg = Debug|Any CPU
		{934DEB1E-A984-4B9D-8044-386DD09973D6}.Debug|Any CPU.Build.0 = Debug|Any CPU
		{934DEB1E-A984-4B9D-8044-386DD09973D6}.Release|Any CPU.ActiveCfg = Release|Any CPU
		{934DEB1E-A984-4B9D-8044-386DD09973D6}.Release|Any CPU.Build.0 = Release|Any CPU
		{AA413E4D-1A01-47A3-8B56-465993374014}.Debug|Any CPU.ActiveCfg = Debug|Any CPU
		{AA413E4D-1A01-47A3-8B56-465993374014}.Debug|Any CPU.Build.0 = Debug|Any CPU
		{AA413E4D-1A01-47A3-8B56-465993374014}.Release|Any CPU.ActiveCfg = Release|Any CPU
		{AA413E4D-1A01-47A3-8B56-465993374014}.Release|Any CPU.Build.0 = Release|Any CPU
		{7B69E795-5495-426B-9522-6596890B7F5C}.Debug|Any CPU.ActiveCfg = Debug|Any CPU
		{7B69E795-5495-426B-9522-6596890B7F5C}.Debug|Any CPU.Build.0 = Debug|Any CPU
		{7B69E795-5495-426B-9522-6596890B7F5C}.Release|Any CPU.ActiveCfg = Release|Any CPU
		{7B69E795-5495-426B-9522-6596890B7F5C}.Release|Any CPU.Build.0 = Release|Any CPU
	EndGlobalSection
	GlobalSection(SolutionProperties) = preSolution
		HideSolutionNode = FALSE
	EndGlobalSection
	GlobalSection(ExtensibilityGlobals) = postSolution
		SolutionGuid = {FE53D99C-B1EC-4C39-8BE3-EEA1C1E33D35}
	EndGlobalSection
EndGlobal
